
Microsoft Visual Studio Solution File, Format Version 12.00
# Visual Studio Version 17
VisualStudioVersion = 17.0.31903.59
MinimumVisualStudioVersion = 10.0.40219.1
Project("{2150E333-8FDC-42A3-9474-1A3956D46DE8}") = "src", "src", "{827E0CD3-B72D-47B6-A68D-7590B98EB39B}"
EndProject
Project("{2150E333-8FDC-42A3-9474-1A3956D46DE8}") = "Modules", "Modules", "{EC447DCF-ABFA-6E24-52A5-D7FD48A5C558}"
EndProject
Project("{2150E333-8FDC-42A3-9474-1A3956D46DE8}") = "Catalog", "Catalog", "{1E1EF545-4C18-AEE2-B997-7EF431518D3F}"
EndProject
Project("{FAE04EC0-301F-11D3-BF4B-00C04F79EFBC}") = "ShopFlow.Modules.Catalog", "src\Modules\Catalog\ShopFlow.Modules.Catalog\ShopFlow.Modules.Catalog.csproj", "{75C1FF83-BAD1-408A-B0B8-61272902C5DA}"
EndProject
Project("{FAE04EC0-301F-11D3-BF4B-00C04F79EFBC}") = "ShopFlow.Modules.Catalog.Contracts", "src\Modules\Catalog\ShopFlow.Modules.Catalog.Contracts\ShopFlow.Modules.Catalog.Contracts.csproj", "{76EDFAE7-F5E4-4504-A8E4-AE60395C5B83}"
EndProject
Project("{2150E333-8FDC-42A3-9474-1A3956D46DE8}") = "Identity", "Identity", "{0EC62A1A-9858-3A60-8A0C-FC9AACFA2EC7}"
EndProject
Project("{FAE04EC0-301F-11D3-BF4B-00C04F79EFBC}") = "ShopFlow.Modules.Identity", "src\Modules\Identity\ShopFlow.Modules.Identity\ShopFlow.Modules.Identity.csproj", "{04C0FE59-80C7-4D23-93B0-FD89006B6738}"
EndProject
Project("{FAE04EC0-301F-11D3-BF4B-00C04F79EFBC}") = "ShopFlow.Modules.Identity.Contracts", "src\Modules\Identity\ShopFlow.Modules.Identity.Contracts\ShopFlow.Modules.Identity.Contracts.csproj", "{FD9E52E6-83AB-4290-AE8D-BB984181AEF9}"
EndProject
Project("{2150E333-8FDC-42A3-9474-1A3956D46DE8}") = "Inventory", "Inventory", "{18C073E0-6CB1-4693-3636-BFEE619A6192}"
EndProject
Project("{FAE04EC0-301F-11D3-BF4B-00C04F79EFBC}") = "ShopFlow.Modules.Inventory", "src\Modules\Inventory\ShopFlow.Modules.Inventory\ShopFlow.Modules.Inventory.csproj", "{A82E073A-7D44-4AF9-A47F-78335FEF68D2}"
EndProject
Project("{FAE04EC0-301F-11D3-BF4B-00C04F79EFBC}") = "ShopFlow.Modules.Inventory.Contracts", "src\Modules\Inventory\ShopFlow.Modules.Inventory.Contracts\ShopFlow.Modules.Inventory.Contracts.csproj", "{A0D4CB46-F02F-4988-881B-160D52E18D58}"
EndProject
Project("{2150E333-8FDC-42A3-9474-1A3956D46DE8}") = "Notification", "Notification", "{4F8133DB-A301-0A1E-3DDE-929E67CC9B96}"
EndProject
Project("{FAE04EC0-301F-11D3-BF4B-00C04F79EFBC}") = "ShopFlow.Modules.Notification", "src\Modules\Notification\ShopFlow.Modules.Notification\ShopFlow.Modules.Notification.csproj", "{D6EDEFB6-5B59-4815-8A81-AA1F492AA9A3}"
EndProject
Project("{FAE04EC0-301F-11D3-BF4B-00C04F79EFBC}") = "ShopFlow.Modules.Notification.Contracts", "src\Modules\Notification\ShopFlow.Modules.Notification.Contracts\ShopFlow.Modules.Notification.Contracts.csproj", "{801E312B-1742-4FAB-9223-CE86DA9D6F1B}"
EndProject
Project("{2150E333-8FDC-42A3-9474-1A3956D46DE8}") = "Ordering", "Ordering", "{1652FDBE-FD70-10D2-8806-7EAA51A58284}"
EndProject
Project("{FAE04EC0-301F-11D3-BF4B-00C04F79EFBC}") = "ShopFlow.Modules.Ordering", "src\Modules\Ordering\ShopFlow.Modules.Ordering\ShopFlow.Modules.Ordering.csproj", "{3770EC77-44AD-401F-9737-97286ED95500}"
EndProject
Project("{FAE04EC0-301F-11D3-BF4B-00C04F79EFBC}") = "ShopFlow.Modules.Ordering.Contracts", "src\Modules\Ordering\ShopFlow.Modules.Ordering.Contracts\ShopFlow.Modules.Ordering.Contracts.csproj", "{4C0188D6-C7EF-495C-A9EE-CEB6A054D08A}"
EndProject
Project("{2150E333-8FDC-42A3-9474-1A3956D46DE8}") = "Payment", "Payment", "{486050DE-C6A4-B1E8-2B12-E91E5BE99E3F}"
EndProject
Project("{FAE04EC0-301F-11D3-BF4B-00C04F79EFBC}") = "ShopFlow.Modules.Payment", "src\Modules\Payment\ShopFlow.Modules.Payment\ShopFlow.Modules.Payment.csproj", "{EB1AC193-94AA-4C68-B7D6-9180DE3F1E33}"
EndProject
Project("{FAE04EC0-301F-11D3-BF4B-00C04F79EFBC}") = "ShopFlow.Modules.Payment.Contracts", "src\Modules\Payment\ShopFlow.Modules.Payment.Contracts\ShopFlow.Modules.Payment.Contracts.csproj", "{6D98EE23-A7EB-43E4-8693-59DCFBFADA20}"
EndProject
Project("{FAE04EC0-301F-11D3-BF4B-00C04F79EFBC}") = "ShopFlow.BuildingBlocks", "src\ShopFlow.BuildingBlocks\ShopFlow.BuildingBlocks.csproj", "{0A2ED984-046F-44A1-B23B-559E68C59D0E}"
EndProject
Project("{FAE04EC0-301F-11D3-BF4B-00C04F79EFBC}") = "ShopFlow.Host", "src\ShopFlow.Host\ShopFlow.Host.csproj", "{3C116837-933D-4490-8483-292BEC20AC2F}"
EndProject
Project("{2150E333-8FDC-42A3-9474-1A3956D46DE8}") = "tests", "tests", "{0AB3BF05-4346-4AA6-1389-037BE0695223}"
EndProject
Project("{FAE04EC0-301F-11D3-BF4B-00C04F79EFBC}") = "ShopFlow.ArchitectureTests", "tests\ShopFlow.ArchitectureTests\ShopFlow.ArchitectureTests.csproj", "{BED06A86-9CF0-4B41-8D68-D40964F73BF5}"
EndProject
Project("{FAE04EC0-301F-11D3-BF4B-00C04F79EFBC}") = "ShopFlow.IntegrationTests", "tests\ShopFlow.IntegrationTests\ShopFlow.IntegrationTests.csproj", "{0B9BF511-99A7-485E-9BD1-0EFBA7DE1B64}"
EndProject
Project("{FAE04EC0-301F-11D3-BF4B-00C04F79EFBC}") = "ShopFlow.UnitTests", "tests\ShopFlow.UnitTests\ShopFlow.UnitTests.csproj", "{D0725482-48E6-4CC7-8EAF-FCD865781C56}"
EndProject
Project("{FAE04EC0-301F-11D3-BF4B-00C04F79EFBC}") = "ShopFlow.Inventory.GrpcClient", "src\Modules\Inventory\ShopFlow.Inventory.GrpcClient\ShopFlow.Inventory.GrpcClient.csproj", "{04D84E5B-15C8-49A1-93DB-F64FFAA2AA00}"
EndProject
Global
	GlobalSection(SolutionConfigurationPlatforms) = preSolution
		Debug|Any CPU = Debug|Any CPU
		Debug|x64 = Debug|x64
		Debug|x86 = Debug|x86
		Release|Any CPU = Release|Any CPU
		Release|x64 = Release|x64
		Release|x86 = Release|x86
	EndGlobalSection
	GlobalSection(ProjectConfigurationPlatforms) = postSolution
		{75C1FF83-BAD1-408A-B0B8-61272902C5DA}.Debug|Any CPU.ActiveCfg = Debug|Any CPU
		{75C1FF83-BAD1-408A-B0B8-61272902C5DA}.Debug|Any CPU.Build.0 = Debug|Any CPU
		{75C1FF83-BAD1-408A-B0B8-61272902C5DA}.Debug|x64.ActiveCfg = Debug|Any CPU
		{75C1FF83-BAD1-408A-B0B8-61272902C5DA}.Debug|x64.Build.0 = Debug|Any CPU
		{75C1FF83-BAD1-408A-B0B8-61272902C5DA}.Debug|x86.ActiveCfg = Debug|Any CPU
		{75C1FF83-BAD1-408A-B0B8-61272902C5DA}.Debug|x86.Build.0 = Debug|Any CPU
		{75C1FF83-BAD1-408A-B0B8-61272902C5DA}.Release|Any CPU.ActiveCfg = Release|Any CPU
		{75C1FF83-BAD1-408A-B0B8-61272902C5DA}.Release|Any CPU.Build.0 = Release|Any CPU
		{75C1FF83-BAD1-408A-B0B8-61272902C5DA}.Release|x64.ActiveCfg = Release|Any CPU
		{75C1FF83-BAD1-408A-B0B8-61272902C5DA}.Release|x64.Build.0 = Release|Any CPU
		{75C1FF83-BAD1-408A-B0B8-61272902C5DA}.Release|x86.ActiveCfg = Release|Any CPU
		{75C1FF83-BAD1-408A-B0B8-61272902C5DA}.Release|x86.Build.0 = Release|Any CPU
		{76EDFAE7-F5E4-4504-A8E4-AE60395C5B83}.Debug|Any CPU.ActiveCfg = Debug|Any CPU
		{76EDFAE7-F5E4-4504-A8E4-AE60395C5B83}.Debug|Any CPU.Build.0 = Debug|Any CPU
		{76EDFAE7-F5E4-4504-A8E4-AE60395C5B83}.Debug|x64.ActiveCfg = Debug|Any CPU
		{76EDFAE7-F5E4-4504-A8E4-AE60395C5B83}.Debug|x64.Build.0 = Debug|Any CPU
		{76EDFAE7-F5E4-4504-A8E4-AE60395C5B83}.Debug|x86.ActiveCfg = Debug|Any CPU
		{76EDFAE7-F5E4-4504-A8E4-AE60395C5B83}.Debug|x86.Build.0 = Debug|Any CPU
		{76EDFAE7-F5E4-4504-A8E4-AE60395C5B83}.Release|Any CPU.ActiveCfg = Release|Any CPU
		{76EDFAE7-F5E4-4504-A8E4-AE60395C5B83}.Release|Any CPU.Build.0 = Release|Any CPU
		{76EDFAE7-F5E4-4504-A8E4-AE60395C5B83}.Release|x64.ActiveCfg = Release|Any CPU
		{76EDFAE7-F5E4-4504-A8E4-AE60395C5B83}.Release|x64.Build.0 = Release|Any CPU
		{76EDFAE7-F5E4-4504-A8E4-AE60395C5B83}.Release|x86.ActiveCfg = Release|Any CPU
		{76EDFAE7-F5E4-4504-A8E4-AE60395C5B83}.Release|x86.Build.0 = Release|Any CPU
		{04C0FE59-80C7-4D23-93B0-FD89006B6738}.Debug|Any CPU.ActiveCfg = Debug|Any CPU
		{04C0FE59-80C7-4D23-93B0-FD89006B6738}.Debug|Any CPU.Build.0 = Debug|Any CPU
		{04C0FE59-80C7-4D23-93B0-FD89006B6738}.Debug|x64.ActiveCfg = Debug|Any CPU
		{04C0FE59-80C7-4D23-93B0-FD89006B6738}.Debug|x64.Build.0 = Debug|Any CPU
		{04C0FE59-80C7-4D23-93B0-FD89006B6738}.Debug|x86.ActiveCfg = Debug|Any CPU
		{04C0FE59-80C7-4D23-93B0-FD89006B6738}.Debug|x86.Build.0 = Debug|Any CPU
		{04C0FE59-80C7-4D23-93B0-FD89006B6738}.Release|Any CPU.ActiveCfg = Release|Any CPU
		{04C0FE59-80C7-4D23-93B0-FD89006B6738}.Release|Any CPU.Build.0 = Release|Any CPU
		{04C0FE59-80C7-4D23-93B0-FD89006B6738}.Release|x64.ActiveCfg = Release|Any CPU
		{04C0FE59-80C7-4D23-93B0-FD89006B6738}.Release|x64.Build.0 = Release|Any CPU
		{04C0FE59-80C7-4D23-93B0-FD89006B6738}.Release|x86.ActiveCfg = Release|Any CPU
		{04C0FE59-80C7-4D23-93B0-FD89006B6738}.Release|x86.Build.0 = Release|Any CPU
		{FD9E52E6-83AB-4290-AE8D-BB984181AEF9}.Debug|Any CPU.ActiveCfg = Debug|Any CPU
		{FD9E52E6-83AB-4290-AE8D-BB984181AEF9}.Debug|Any CPU.Build.0 = Debug|Any CPU
		{FD9E52E6-83AB-4290-AE8D-BB984181AEF9}.Debug|x64.ActiveCfg = Debug|Any CPU
		{FD9E52E6-83AB-4290-AE8D-BB984181AEF9}.Debug|x64.Build.0 = Debug|Any CPU
		{FD9E52E6-83AB-4290-AE8D-BB984181AEF9}.Debug|x86.ActiveCfg = Debug|Any CPU
		{FD9E52E6-83AB-4290-AE8D-BB984181AEF9}.Debug|x86.Build.0 = Debug|Any CPU
		{FD9E52E6-83AB-4290-AE8D-BB984181AEF9}.Release|Any CPU.ActiveCfg = Release|Any CPU
		{FD9E52E6-83AB-4290-AE8D-BB984181AEF9}.Release|Any CPU.Build.0 = Release|Any CPU
		{FD9E52E6-83AB-4290-AE8D-BB984181AEF9}.Release|x64.ActiveCfg = Release|Any CPU
		{FD9E52E6-83AB-4290-AE8D-BB984181AEF9}.Release|x64.Build.0 = Release|Any CPU
		{FD9E52E6-83AB-4290-AE8D-BB984181AEF9}.Release|x86.ActiveCfg = Release|Any CPU
		{FD9E52E6-83AB-4290-AE8D-BB984181AEF9}.Release|x86.Build.0 = Release|Any CPU
		{A82E073A-7D44-4AF9-A47F-78335FEF68D2}.Debug|Any CPU.ActiveCfg = Debug|Any CPU
		{A82E073A-7D44-4AF9-A47F-78335FEF68D2}.Debug|Any CPU.Build.0 = Debug|Any CPU
		{A82E073A-7D44-4AF9-A47F-78335FEF68D2}.Debug|x64.ActiveCfg = Debug|Any CPU
		{A82E073A-7D44-4AF9-A47F-78335FEF68D2}.Debug|x64.Build.0 = Debug|Any CPU
		{A82E073A-7D44-4AF9-A47F-78335FEF68D2}.Debug|x86.ActiveCfg = Debug|Any CPU
		{A82E073A-7D44-4AF9-A47F-78335FEF68D2}.Debug|x86.Build.0 = Debug|Any CPU
		{A82E073A-7D44-4AF9-A47F-78335FEF68D2}.Release|Any CPU.ActiveCfg = Release|Any CPU
		{A82E073A-7D44-4AF9-A47F-78335FEF68D2}.Release|Any CPU.Build.0 = Release|Any CPU
		{A82E073A-7D44-4AF9-A47F-78335FEF68D2}.Release|x64.ActiveCfg = Release|Any CPU
		{A82E073A-7D44-4AF9-A47F-78335FEF68D2}.Release|x64.Build.0 = Release|Any CPU
		{A82E073A-7D44-4AF9-A47F-78335FEF68D2}.Release|x86.ActiveCfg = Release|Any CPU
		{A82E073A-7D44-4AF9-A47F-78335FEF68D2}.Release|x86.Build.0 = Release|Any CPU
		{A0D4CB46-F02F-4988-881B-160D52E18D58}.Debug|Any CPU.ActiveCfg = Debug|Any CPU
		{A0D4CB46-F02F-4988-881B-160D52E18D58}.Debug|Any CPU.Build.0 = Debug|Any CPU
		{A0D4CB46-F02F-4988-881B-160D52E18D58}.Debug|x64.ActiveCfg = Debug|Any CPU
		{A0D4CB46-F02F-4988-881B-160D52E18D58}.Debug|x64.Build.0 = Debug|Any CPU
		{A0D4CB46-F02F-4988-881B-160D52E18D58}.Debug|x86.ActiveCfg = Debug|Any CPU
		{A0D4CB46-F02F-4988-881B-160D52E18D58}.Debug|x86.Build.0 = Debug|Any CPU
		{A0D4CB46-F02F-4988-881B-160D52E18D58}.Release|Any CPU.ActiveCfg = Release|Any CPU
		{A0D4CB46-F02F-4988-881B-160D52E18D58}.Release|Any CPU.Build.0 = Release|Any CPU
		{A0D4CB46-F02F-4988-881B-160D52E18D58}.Release|x64.ActiveCfg = Release|Any CPU
		{A0D4CB46-F02F-4988-881B-160D52E18D58}.Release|x64.Build.0 = Release|Any CPU
		{A0D4CB46-F02F-4988-881B-160D52E18D58}.Release|x86.ActiveCfg = Release|Any CPU
		{A0D4CB46-F02F-4988-881B-160D52E18D58}.Release|x86.Build.0 = Release|Any CPU
		{D6EDEFB6-5B59-4815-8A81-AA1F492AA9A3}.Debug|Any CPU.ActiveCfg = Debug|Any CPU
		{D6EDEFB6-5B59-4815-8A81-AA1F492AA9A3}.Debug|Any CPU.Build.0 = Debug|Any CPU
		{D6EDEFB6-5B59-4815-8A81-AA1F492AA9A3}.Debug|x64.ActiveCfg = Debug|Any CPU
		{D6EDEFB6-5B59-4815-8A81-AA1F492AA9A3}.Debug|x64.Build.0 = Debug|Any CPU
		{D6EDEFB6-5B59-4815-8A81-AA1F492AA9A3}.Debug|x86.ActiveCfg = Debug|Any CPU
		{D6EDEFB6-5B59-4815-8A81-AA1F492AA9A3}.Debug|x86.Build.0 = Debug|Any CPU
		{D6EDEFB6-5B59-4815-8A81-AA1F492AA9A3}.Release|Any CPU.ActiveCfg = Release|Any CPU
		{D6EDEFB6-5B59-4815-8A81-AA1F492AA9A3}.Release|Any CPU.Build.0 = Release|Any CPU
		{D6EDEFB6-5B59-4815-8A81-AA1F492AA9A3}.Release|x64.ActiveCfg = Release|Any CPU
		{D6EDEFB6-5B59-4815-8A81-AA1F492AA9A3}.Release|x64.Build.0 = Release|Any CPU
		{D6EDEFB6-5B59-4815-8A81-AA1F492AA9A3}.Release|x86.ActiveCfg = Release|Any CPU
		{D6EDEFB6-5B59-4815-8A81-AA1F492AA9A3}.Release|x86.Build.0 = Release|Any CPU
		{801E312B-1742-4FAB-9223-CE86DA9D6F1B}.Debug|Any CPU.ActiveCfg = Debug|Any CPU
		{801E312B-1742-4FAB-9223-CE86DA9D6F1B}.Debug|Any CPU.Build.0 = Debug|Any CPU
		{801E312B-1742-4FAB-9223-CE86DA9D6F1B}.Debug|x64.ActiveCfg = Debug|Any CPU
		{801E312B-1742-4FAB-9223-CE86DA9D6F1B}.Debug|x64.Build.0 = Debug|Any CPU
		{801E312B-1742-4FAB-9223-CE86DA9D6F1B}.Debug|x86.ActiveCfg = Debug|Any CPU
		{801E312B-1742-4FAB-9223-CE86DA9D6F1B}.Debug|x86.Build.0 = Debug|Any CPU
		{801E312B-1742-4FAB-9223-CE86DA9D6F1B}.Release|Any CPU.ActiveCfg = Release|Any CPU
		{801E312B-1742-4FAB-9223-CE86DA9D6F1B}.Release|Any CPU.Build.0 = Release|Any CPU
		{801E312B-1742-4FAB-9223-CE86DA9D6F1B}.Release|x64.ActiveCfg = Release|Any CPU
		{801E312B-1742-4FAB-9223-CE86DA9D6F1B}.Release|x64.Build.0 = Release|Any CPU
		{801E312B-1742-4FAB-9223-CE86DA9D6F1B}.Release|x86.ActiveCfg = Release|Any CPU
		{801E312B-1742-4FAB-9223-CE86DA9D6F1B}.Release|x86.Build.0 = Release|Any CPU
		{3770EC77-44AD-401F-9737-97286ED95500}.Debug|Any CPU.ActiveCfg = Debug|Any CPU
		{3770EC77-44AD-401F-9737-97286ED95500}.Debug|Any CPU.Build.0 = Debug|Any CPU
		{3770EC77-44AD-401F-9737-97286ED95500}.Debug|x64.ActiveCfg = Debug|Any CPU
		{3770EC77-44AD-401F-9737-97286ED95500}.Debug|x64.Build.0 = Debug|Any CPU
		{3770EC77-44AD-401F-9737-97286ED95500}.Debug|x86.ActiveCfg = Debug|Any CPU
		{3770EC77-44AD-401F-9737-97286ED95500}.Debug|x86.Build.0 = Debug|Any CPU
		{3770EC77-44AD-401F-9737-97286ED95500}.Release|Any CPU.ActiveCfg = Release|Any CPU
		{3770EC77-44AD-401F-9737-97286ED95500}.Release|Any CPU.Build.0 = Release|Any CPU
		{3770EC77-44AD-401F-9737-97286ED95500}.Release|x64.ActiveCfg = Release|Any CPU
		{3770EC77-44AD-401F-9737-97286ED95500}.Release|x64.Build.0 = Release|Any CPU
		{3770EC77-44AD-401F-9737-97286ED95500}.Release|x86.ActiveCfg = Release|Any CPU
		{3770EC77-44AD-401F-9737-97286ED95500}.Release|x86.Build.0 = Release|Any CPU
		{4C0188D6-C7EF-495C-A9EE-CEB6A054D08A}.Debug|Any CPU.ActiveCfg = Debug|Any CPU
		{4C0188D6-C7EF-495C-A9EE-CEB6A054D08A}.Debug|Any CPU.Build.0 = Debug|Any CPU
		{4C0188D6-C7EF-495C-A9EE-CEB6A054D08A}.Debug|x64.ActiveCfg = Debug|Any CPU
		{4C0188D6-C7EF-495C-A9EE-CEB6A054D08A}.Debug|x64.Build.0 = Debug|Any CPU
		{4C0188D6-C7EF-495C-A9EE-CEB6A054D08A}.Debug|x86.ActiveCfg = Debug|Any CPU
		{4C0188D6-C7EF-495C-A9EE-CEB6A054D08A}.Debug|x86.Build.0 = Debug|Any CPU
		{4C0188D6-C7EF-495C-A9EE-CEB6A054D08A}.Release|Any CPU.ActiveCfg = Release|Any CPU
		{4C0188D6-C7EF-495C-A9EE-CEB6A054D08A}.Release|Any CPU.Build.0 = Release|Any CPU
		{4C0188D6-C7EF-495C-A9EE-CEB6A054D08A}.Release|x64.ActiveCfg = Release|Any CPU
		{4C0188D6-C7EF-495C-A9EE-CEB6A054D08A}.Release|x64.Build.0 = Release|Any CPU
		{4C0188D6-C7EF-495C-A9EE-CEB6A054D08A}.Release|x86.ActiveCfg = Release|Any CPU
		{4C0188D6-C7EF-495C-A9EE-CEB6A054D08A}.Release|x86.Build.0 = Release|Any CPU
		{EB1AC193-94AA-4C68-B7D6-9180DE3F1E33}.Debug|Any CPU.ActiveCfg = Debug|Any CPU
		{EB1AC193-94AA-4C68-B7D6-9180DE3F1E33}.Debug|Any CPU.Build.0 = Debug|Any CPU
		{EB1AC193-94AA-4C68-B7D6-9180DE3F1E33}.Debug|x64.ActiveCfg = Debug|Any CPU
		{EB1AC193-94AA-4C68-B7D6-9180DE3F1E33}.Debug|x64.Build.0 = Debug|Any CPU
		{EB1AC193-94AA-4C68-B7D6-9180DE3F1E33}.Debug|x86.ActiveCfg = Debug|Any CPU
		{EB1AC193-94AA-4C68-B7D6-9180DE3F1E33}.Debug|x86.Build.0 = Debug|Any CPU
		{EB1AC193-94AA-4C68-B7D6-9180DE3F1E33}.Release|Any CPU.ActiveCfg = Release|Any CPU
		{EB1AC193-94AA-4C68-B7D6-9180DE3F1E33}.Release|Any CPU.Build.0 = Release|Any CPU
		{EB1AC193-94AA-4C68-B7D6-9180DE3F1E33}.Release|x64.ActiveCfg = Release|Any CPU
		{EB1AC193-94AA-4C68-B7D6-9180DE3F1E33}.Release|x64.Build.0 = Release|Any CPU
		{EB1AC193-94AA-4C68-B7D6-9180DE3F1E33}.Release|x86.ActiveCfg = Release|Any CPU
		{EB1AC193-94AA-4C68-B7D6-9180DE3F1E33}.Release|x86.Build.0 = Release|Any CPU
		{6D98EE23-A7EB-43E4-8693-59DCFBFADA20}.Debug|Any CPU.ActiveCfg = Debug|Any CPU
		{6D98EE23-A7EB-43E4-8693-59DCFBFADA20}.Debug|Any CPU.Build.0 = Debug|Any CPU
		{6D98EE23-A7EB-43E4-8693-59DCFBFADA20}.Debug|x64.ActiveCfg = Debug|Any CPU
		{6D98EE23-A7EB-43E4-8693-59DCFBFADA20}.Debug|x64.Build.0 = Debug|Any CPU
		{6D98EE23-A7EB-43E4-8693-59DCFBFADA20}.Debug|x86.ActiveCfg = Debug|Any CPU
		{6D98EE23-A7EB-43E4-8693-59DCFBFADA20}.Debug|x86.Build.0 = Debug|Any CPU
		{6D98EE23-A7EB-43E4-8693-59DCFBFADA20}.Release|Any CPU.ActiveCfg = Release|Any CPU
		{6D98EE23-A7EB-43E4-8693-59DCFBFADA20}.Release|Any CPU.Build.0 = Release|Any CPU
		{6D98EE23-A7EB-43E4-8693-59DCFBFADA20}.Release|x64.ActiveCfg = Release|Any CPU
		{6D98EE23-A7EB-43E4-8693-59DCFBFADA20}.Release|x64.Build.0 = Release|Any CPU
		{6D98EE23-A7EB-43E4-8693-59DCFBFADA20}.Release|x86.ActiveCfg = Release|Any CPU
		{6D98EE23-A7EB-43E4-8693-59DCFBFADA20}.Release|x86.Build.0 = Release|Any CPU
		{0A2ED984-046F-44A1-B23B-559E68C59D0E}.Debug|Any CPU.ActiveCfg = Debug|Any CPU
		{0A2ED984-046F-44A1-B23B-559E68C59D0E}.Debug|Any CPU.Build.0 = Debug|Any CPU
		{0A2ED984-046F-44A1-B23B-559E68C59D0E}.Debug|x64.ActiveCfg = Debug|Any CPU
		{0A2ED984-046F-44A1-B23B-559E68C59D0E}.Debug|x64.Build.0 = Debug|Any CPU
		{0A2ED984-046F-44A1-B23B-559E68C59D0E}.Debug|x86.ActiveCfg = Debug|Any CPU
		{0A2ED984-046F-44A1-B23B-559E68C59D0E}.Debug|x86.Build.0 = Debug|Any CPU
		{0A2ED984-046F-44A1-B23B-559E68C59D0E}.Release|Any CPU.ActiveCfg = Release|Any CPU
		{0A2ED984-046F-44A1-B23B-559E68C59D0E}.Release|Any CPU.Build.0 = Release|Any CPU
		{0A2ED984-046F-44A1-B23B-559E68C59D0E}.Release|x64.ActiveCfg = Release|Any CPU
		{0A2ED984-046F-44A1-B23B-559E68C59D0E}.Release|x64.Build.0 = Release|Any CPU
		{0A2ED984-046F-44A1-B23B-559E68C59D0E}.Release|x86.ActiveCfg = Release|Any CPU
		{0A2ED984-046F-44A1-B23B-559E68C59D0E}.Release|x86.Build.0 = Release|Any CPU
		{3C116837-933D-4490-8483-292BEC20AC2F}.Debug|Any CPU.ActiveCfg = Debug|Any CPU
		{3C116837-933D-4490-8483-292BEC20AC2F}.Debug|Any CPU.Build.0 = Debug|Any CPU
		{3C116837-933D-4490-8483-292BEC20AC2F}.Debug|x64.ActiveCfg = Debug|Any CPU
		{3C116837-933D-4490-8483-292BEC20AC2F}.Debug|x64.Build.0 = Debug|Any CPU
		{3C116837-933D-4490-8483-292BEC20AC2F}.Debug|x86.ActiveCfg = Debug|Any CPU
		{3C116837-933D-4490-8483-292BEC20AC2F}.Debug|x86.Build.0 = Debug|Any CPU
		{3C116837-933D-4490-8483-292BEC20AC2F}.Release|Any CPU.ActiveCfg = Release|Any CPU
		{3C116837-933D-4490-8483-292BEC20AC2F}.Release|Any CPU.Build.0 = Release|Any CPU
		{3C116837-933D-4490-8483-292BEC20AC2F}.Release|x64.ActiveCfg = Release|Any CPU
		{3C116837-933D-4490-8483-292BEC20AC2F}.Release|x64.Build.0 = Release|Any CPU
		{3C116837-933D-4490-8483-292BEC20AC2F}.Release|x86.ActiveCfg = Release|Any CPU
		{3C116837-933D-4490-8483-292BEC20AC2F}.Release|x86.Build.0 = Release|Any CPU
		{BED06A86-9CF0-4B41-8D68-D40964F73BF5}.Debug|Any CPU.ActiveCfg = Debug|Any CPU
		{BED06A86-9CF0-4B41-8D68-D40964F73BF5}.Debug|Any CPU.Build.0 = Debug|Any CPU
		{BED06A86-9CF0-4B41-8D68-D40964F73BF5}.Debug|x64.ActiveCfg = Debug|Any CPU
		{BED06A86-9CF0-4B41-8D68-D40964F73BF5}.Debug|x64.Build.0 = Debug|Any CPU
		{BED06A86-9CF0-4B41-8D68-D40964F73BF5}.Debug|x86.ActiveCfg = Debug|Any CPU
		{BED06A86-9CF0-4B41-8D68-D40964F73BF5}.Debug|x86.Build.0 = Debug|Any CPU
		{BED06A86-9CF0-4B41-8D68-D40964F73BF5}.Release|Any CPU.ActiveCfg = Release|Any CPU
		{BED06A86-9CF0-4B41-8D68-D40964F73BF5}.Release|Any CPU.Build.0 = Release|Any CPU
		{BED06A86-9CF0-4B41-8D68-D40964F73BF5}.Release|x64.ActiveCfg = Release|Any CPU
		{BED06A86-9CF0-4B41-8D68-D40964F73BF5}.Release|x64.Build.0 = Release|Any CPU
		{BED06A86-9CF0-4B41-8D68-D40964F73BF5}.Release|x86.ActiveCfg = Release|Any CPU
		{BED06A86-9CF0-4B41-8D68-D40964F73BF5}.Release|x86.Build.0 = Release|Any CPU
		{0B9BF511-99A7-485E-9BD1-0EFBA7DE1B64}.Debug|Any CPU.ActiveCfg = Debug|Any CPU
		{0B9BF511-99A7-485E-9BD1-0EFBA7DE1B64}.Debug|Any CPU.Build.0 = Debug|Any CPU
		{0B9BF511-99A7-485E-9BD1-0EFBA7DE1B64}.Debug|x64.ActiveCfg = Debug|Any CPU
		{0B9BF511-99A7-485E-9BD1-0EFBA7DE1B64}.Debug|x64.Build.0 = Debug|Any CPU
		{0B9BF511-99A7-485E-9BD1-0EFBA7DE1B64}.Debug|x86.ActiveCfg = Debug|Any CPU
		{0B9BF511-99A7-485E-9BD1-0EFBA7DE1B64}.Debug|x86.Build.0 = Debug|Any CPU
		{0B9BF511-99A7-485E-9BD1-0EFBA7DE1B64}.Release|Any CPU.ActiveCfg = Release|Any CPU
		{0B9BF511-99A7-485E-9BD1-0EFBA7DE1B64}.Release|Any CPU.Build.0 = Release|Any CPU
		{0B9BF511-99A7-485E-9BD1-0EFBA7DE1B64}.Release|x64.ActiveCfg = Release|Any CPU
		{0B9BF511-99A7-485E-9BD1-0EFBA7DE1B64}.Release|x64.Build.0 = Release|Any CPU
		{0B9BF511-99A7-485E-9BD1-0EFBA7DE1B64}.Release|x86.ActiveCfg = Release|Any CPU
		{0B9BF511-99A7-485E-9BD1-0EFBA7DE1B64}.Release|x86.Build.0 = Release|Any CPU
		{D0725482-48E6-4CC7-8EAF-FCD865781C56}.Debug|Any CPU.ActiveCfg = Debug|Any CPU
		{D0725482-48E6-4CC7-8EAF-FCD865781C56}.Debug|Any CPU.Build.0 = Debug|Any CPU
		{D0725482-48E6-4CC7-8EAF-FCD865781C56}.Debug|x64.ActiveCfg = Debug|Any CPU
		{D0725482-48E6-4CC7-8EAF-FCD865781C56}.Debug|x64.Build.0 = Debug|Any CPU
		{D0725482-48E6-4CC7-8EAF-FCD865781C56}.Debug|x86.ActiveCfg = Debug|Any CPU
		{D0725482-48E6-4CC7-8EAF-FCD865781C56}.Debug|x86.Build.0 = Debug|Any CPU
		{D0725482-48E6-4CC7-8EAF-FCD865781C56}.Release|Any CPU.ActiveCfg = Release|Any CPU
		{D0725482-48E6-4CC7-8EAF-FCD865781C56}.Release|Any CPU.Build.0 = Release|Any CPU
		{D0725482-48E6-4CC7-8EAF-FCD865781C56}.Release|x64.ActiveCfg = Release|Any CPU
		{D0725482-48E6-4CC7-8EAF-FCD865781C56}.Release|x64.Build.0 = Release|Any CPU
		{D0725482-48E6-4CC7-8EAF-FCD865781C56}.Release|x86.ActiveCfg = Release|Any CPU
		{D0725482-48E6-4CC7-8EAF-FCD865781C56}.Release|x86.Build.0 = Release|Any CPU
		{04D84E5B-15C8-49A1-93DB-F64FFAA2AA00}.Debug|Any CPU.ActiveCfg = Debug|Any CPU
		{04D84E5B-15C8-49A1-93DB-F64FFAA2AA00}.Debug|Any CPU.Build.0 = Debug|Any CPU
		{04D84E5B-15C8-49A1-93DB-F64FFAA2AA00}.Debug|x64.ActiveCfg = Debug|Any CPU
		{04D84E5B-15C8-49A1-93DB-F64FFAA2AA00}.Debug|x64.Build.0 = Debug|Any CPU
		{04D84E5B-15C8-49A1-93DB-F64FFAA2AA00}.Debug|x86.ActiveCfg = Debug|Any CPU
		{04D84E5B-15C8-49A1-93DB-F64FFAA2AA00}.Debug|x86.Build.0 = Debug|Any CPU
		{04D84E5B-15C8-49A1-93DB-F64FFAA2AA00}.Release|Any CPU.ActiveCfg = Release|Any CPU
		{04D84E5B-15C8-49A1-93DB-F64FFAA2AA00}.Release|Any CPU.Build.0 = Release|Any CPU
		{04D84E5B-15C8-49A1-93DB-F64FFAA2AA00}.Release|x64.ActiveCfg = Release|Any CPU
		{04D84E5B-15C8-49A1-93DB-F64FFAA2AA00}.Release|x64.Build.0 = Release|Any CPU
		{04D84E5B-15C8-49A1-93DB-F64FFAA2AA00}.Release|x86.ActiveCfg = Release|Any CPU
		{04D84E5B-15C8-49A1-93DB-F64FFAA2AA00}.Release|x86.Build.0 = Release|Any CPU
	EndGlobalSection
	GlobalSection(SolutionProperties) = preSolution
		HideSolutionNode = FALSE
	EndGlobalSection
	GlobalSection(NestedProjects) = preSolution
		{EC447DCF-ABFA-6E24-52A5-D7FD48A5C558} = {827E0CD3-B72D-47B6-A68D-7590B98EB39B}
		{1E1EF545-4C18-AEE2-B997-7EF431518D3F} = {EC447DCF-ABFA-6E24-52A5-D7FD48A5C558}
		{75C1FF83-BAD1-408A-B0B8-61272902C5DA} = {1E1EF545-4C18-AEE2-B997-7EF431518D3F}
		{76EDFAE7-F5E4-4504-A8E4-AE60395C5B83} = {1E1EF545-4C18-AEE2-B997-7EF431518D3F}
		{0EC62A1A-9858-3A60-8A0C-FC9AACFA2EC7} = {EC447DCF-ABFA-6E24-52A5-D7FD48A5C558}
		{04C0FE59-80C7-4D23-93B0-FD89006B6738} = {0EC62A1A-9858-3A60-8A0C-FC9AACFA2EC7}
		{FD9E52E6-83AB-4290-AE8D-BB984181AEF9} = {0EC62A1A-9858-3A60-8A0C-FC9AACFA2EC7}
		{18C073E0-6CB1-4693-3636-BFEE619A6192} = {EC447DCF-ABFA-6E24-52A5-D7FD48A5C558}
		{A82E073A-7D44-4AF9-A47F-78335FEF68D2} = {18C073E0-6CB1-4693-3636-BFEE619A6192}
		{A0D4CB46-F02F-4988-881B-160D52E18D58} = {18C073E0-6CB1-4693-3636-BFEE619A6192}
		{4F8133DB-A301-0A1E-3DDE-929E67CC9B96} = {EC447DCF-ABFA-6E24-52A5-D7FD48A5C558}
		{D6EDEFB6-5B59-4815-8A81-AA1F492AA9A3} = {4F8133DB-A301-0A1E-3DDE-929E67CC9B96}
		{801E312B-1742-4FAB-9223-CE86DA9D6F1B} = {4F8133DB-A301-0A1E-3DDE-929E67CC9B96}
		{1652FDBE-FD70-10D2-8806-7EAA51A58284} = {EC447DCF-ABFA-6E24-52A5-D7FD48A5C558}
		{3770EC77-44AD-401F-9737-97286ED95500} = {1652FDBE-FD70-10D2-8806-7EAA51A58284}
		{4C0188D6-C7EF-495C-A9EE-CEB6A054D08A} = {1652FDBE-FD70-10D2-8806-7EAA51A58284}
		{486050DE-C6A4-B1E8-2B12-E91E5BE99E3F} = {EC447DCF-ABFA-6E24-52A5-D7FD48A5C558}
		{EB1AC193-94AA-4C68-B7D6-9180DE3F1E33} = {486050DE-C6A4-B1E8-2B12-E91E5BE99E3F}
		{6D98EE23-A7EB-43E4-8693-59DCFBFADA20} = {486050DE-C6A4-B1E8-2B12-E91E5BE99E3F}
		{0A2ED984-046F-44A1-B23B-559E68C59D0E} = {827E0CD3-B72D-47B6-A68D-7590B98EB39B}
		{3C116837-933D-4490-8483-292BEC20AC2F} = {827E0CD3-B72D-47B6-A68D-7590B98EB39B}
		{BED06A86-9CF0-4B41-8D68-D40964F73BF5} = {0AB3BF05-4346-4AA6-1389-037BE0695223}
		{0B9BF511-99A7-485E-9BD1-0EFBA7DE1B64} = {0AB3BF05-4346-4AA6-1389-037BE0695223}
		{D0725482-48E6-4CC7-8EAF-FCD865781C56} = {0AB3BF05-4346-4AA6-1389-037BE0695223}
		{04D84E5B-15C8-49A1-93DB-F64FFAA2AA00} = {18C073E0-6CB1-4693-3636-BFEE619A6192}
	EndGlobalSection
EndGlobal
